
Microsoft Visual Studio Solution File, Format Version 12.00
# Visual Studio Version 16
VisualStudioVersion = 16.0.31624.102
MinimumVisualStudioVersion = 10.0.40219.1
Project("{FAE04EC0-301F-11D3-BF4B-00C04F79EFBC}") = "FinalProject", "FinalProject\FinalProject.csproj", "{850C6338-6A9A-4B2C-A5B4-F4AFEB8F35B8}"
EndProject
Global
	GlobalSection(SolutionConfigurationPlatforms) = preSolution
		Debug|Any CPU = Debug|Any CPU
		Release|Any CPU = Release|Any CPU
	EndGlobalSection
	GlobalSection(ProjectConfigurationPlatforms) = postSolution
		{850C6338-6A9A-4B2C-A5B4-F4AFEB8F35B8}.Debug|Any CPU.ActiveCfg = Debug|Any CPU
		{850C6338-6A9A-4B2C-A5B4-F4AFEB8F35B8}.Debug|Any CPU.Build.0 = Debug|Any CPU
		{850C6338-6A9A-4B2C-A5B4-F4AFEB8F35B8}.Release|Any CPU.ActiveCfg = Release|Any CPU
		{850C6338-6A9A-4B2C-A5B4-F4AFEB8F35B8}.Release|Any CPU.Build.0 = Release|Any CPU
	EndGlobalSection
	GlobalSection(SolutionProperties) = preSolution
		HideSolutionNode = FALSE
	EndGlobalSection
	GlobalSection(ExtensibilityGlobals) = postSolution
		SolutionGuid = {9F96B3EE-41BA-4D78-A775-6C65FE669212}
	EndGlobalSection
EndGlobal
